
Microsoft Visual Studio Solution File, Format Version 12.00
# Visual Studio Version 17
VisualStudioVersion = 17.5.002.0
MinimumVisualStudioVersion = 10.0.40219.1
Project("{9A19103F-16F7-4668-BE54-9A1E7A4F7556}") = "BookApi", "BookApi\BookApi.csproj", "{DB6CF390-4671-4534-8103-78A2C0933955}"
EndProject
Global
	GlobalSection(SolutionConfigurationPlatforms) = preSolution
		Debug|Any CPU = Debug|Any CPU
		Release|Any CPU = Release|Any CPU
	EndGlobalSection
	GlobalSection(ProjectConfigurationPlatforms) = postSolution
		{DB6CF390-4671-4534-8103-78A2C0933955}.Debug|Any CPU.ActiveCfg = Debug|Any CPU
		{DB6CF390-4671-4534-8103-78A2C0933955}.Debug|Any CPU.Build.0 = Debug|Any CPU
		{DB6CF390-4671-4534-8103-78A2C0933955}.Release|Any CPU.ActiveCfg = Release|Any CPU
		{DB6CF390-4671-4534-8103-78A2C0933955}.Release|Any CPU.Build.0 = Release|Any CPU
	EndGlobalSection
	GlobalSection(SolutionProperties) = preSolution
		HideSolutionNode = FALSE
	EndGlobalSection
	GlobalSection(ExtensibilityGlobals) = postSolution
		SolutionGuid = {6D8B18B8-F1C7-4D2C-B175-6FC08E72F7A5}
	EndGlobalSection
EndGlobal
